# This file was autogenerated by Stack.
# You should not edit this file by hand.
# For more information, please see the documentation at:
#   https://docs.haskellstack.org/en/stable/lock_files

packages:
- completed:
    hackage: discord-haskell-1.5.2@sha256:90fbc8f804b1b4d8f69d3b38bd4ca7ab76bbb2b08668ce171a5e3b09b72c5e63,3798
    pantry-tree:
      size: 2108
      sha256: 9a9ba57016f413553a67aa0678f64c432b18f0e65fd116c75bdb1e99d0f9d25e
  original:
    hackage: discord-haskell-1.5.2
- completed:
    hackage: emoji-0.1.0.2@sha256:d995572a5c7dcd28f98eb15c6e387a7b3bda1ac2477ab0d9dba8580d5d7b161f,1273
    pantry-tree:
      size: 437
      sha256: dd9ea90a631342e5db0fc21331ade4d563a685e9125d5a3989eefa8e1b96c6c6
  original:
    hackage: emoji-0.1.0.2
- completed:
    hackage: envparse-0.4.1@sha256:989902e6368532548f61de1fa245ad2b39176cddd8743b20071af519a709ce30,2842
    pantry-tree:
      size: 1180
      sha256: 35044d67979fe2a5cff05cf8736a06a265592433cdd03e13a72908ceed892612
  original:
    hackage: envparse-0.4.1@sha256:989902e6368532548f61de1fa245ad2b39176cddd8743b20071af519a709ce30,2842
snapshots:
- completed:
    size: 520328
    url: https://raw.githubusercontent.com/commercialhaskell/stackage-snapshots/master/nightly/2020/5/1.yaml
    sha256: aa48668f6c0d19a05f044e107e69221e9a49fb779f3230a60f0511924ee66f96
  original: nightly-2020-05-01
